
Microsoft Visual Studio Solution File, Format Version 11.00
# Visual C# Express 2010
Project("{FAE04EC0-301F-11D3-BF4B-00C04F79EFBC}") = "level builder", "level builder\level builder\level builder.csproj", "{75271EEE-8D9A-4342-99A6-ACF5E48BE5AA}"
EndProject
Project("{FAE04EC0-301F-11D3-BF4B-00C04F79EFBC}") = "level builderContent", "level builder\level builderContent\level builderContent.contentproj", "{D7EDB604-5157-455E-8B7C-2B9C770D651C}"
EndProject
Project("{FAE04EC0-301F-11D3-BF4B-00C04F79EFBC}") = "game", "game\game\game.csproj", "{C8207DF1-EB45-446B-80DE-F0F58E745E6E}"
EndProject
Project("{FAE04EC0-301F-11D3-BF4B-00C04F79EFBC}") = "gameContent", "game\gameContent\gameContent.contentproj", "{0F659355-940E-4F34-8919-42B01A13674A}"
EndProject
Project("{FAE04EC0-301F-11D3-BF4B-00C04F79EFBC}") = "server", "server\server\server.csproj", "{B8E035B0-5CC9-46A7-95AF-103F60BE3D11}"
EndProject
Project("{FAE04EC0-301F-11D3-BF4B-00C04F79EFBC}") = "serverContent", "server\serverContent\serverContent.contentproj", "{6C3635AC-6825-496A-8AC4-15ECA3F4AB27}"
EndProject
Global
	GlobalSection(SolutionConfigurationPlatforms) = preSolution
		Debug|x86 = Debug|x86
		Release|x86 = Release|x86
	EndGlobalSection
	GlobalSection(ProjectConfigurationPlatforms) = postSolution
		{75271EEE-8D9A-4342-99A6-ACF5E48BE5AA}.Debug|x86.ActiveCfg = Debug|x86
		{75271EEE-8D9A-4342-99A6-ACF5E48BE5AA}.Debug|x86.Build.0 = Debug|x86
		{75271EEE-8D9A-4342-99A6-ACF5E48BE5AA}.Release|x86.ActiveCfg = Release|x86
		{75271EEE-8D9A-4342-99A6-ACF5E48BE5AA}.Release|x86.Build.0 = Release|x86
		{D7EDB604-5157-455E-8B7C-2B9C770D651C}.Debug|x86.ActiveCfg = Debug|x86
		{D7EDB604-5157-455E-8B7C-2B9C770D651C}.Release|x86.ActiveCfg = Release|x86
		{C8207DF1-EB45-446B-80DE-F0F58E745E6E}.Debug|x86.ActiveCfg = Debug|x86
		{C8207DF1-EB45-446B-80DE-F0F58E745E6E}.Debug|x86.Build.0 = Debug|x86
		{C8207DF1-EB45-446B-80DE-F0F58E745E6E}.Release|x86.ActiveCfg = Release|x86
		{C8207DF1-EB45-446B-80DE-F0F58E745E6E}.Release|x86.Build.0 = Release|x86
		{0F659355-940E-4F34-8919-42B01A13674A}.Debug|x86.ActiveCfg = Debug|x86
		{0F659355-940E-4F34-8919-42B01A13674A}.Release|x86.ActiveCfg = Release|x86
		{B8E035B0-5CC9-46A7-95AF-103F60BE3D11}.Debug|x86.ActiveCfg = Debug|x86
		{B8E035B0-5CC9-46A7-95AF-103F60BE3D11}.Debug|x86.Build.0 = Debug|x86
		{B8E035B0-5CC9-46A7-95AF-103F60BE3D11}.Release|x86.ActiveCfg = Release|x86
		{B8E035B0-5CC9-46A7-95AF-103F60BE3D11}.Release|x86.Build.0 = Release|x86
		{6C3635AC-6825-496A-8AC4-15ECA3F4AB27}.Debug|x86.ActiveCfg = Debug|x86
		{6C3635AC-6825-496A-8AC4-15ECA3F4AB27}.Release|x86.ActiveCfg = Release|x86
	EndGlobalSection
	GlobalSection(SolutionProperties) = preSolution
		HideSolutionNode = FALSE
	EndGlobalSection
EndGlobal
